PODS:
  - BabyBluetooth (0.7.0)
  - SVProgressHUD (2.2.2)

DEPENDENCIES:
  - BabyBluetooth
  - SVProgressHUD

SPEC CHECKSUMS:
  BabyBluetooth: d50758aecf24d4a0ab9271d69f0f116d6bee51c9
  SVProgressHUD: 59b2d3dabacbd051576d21d32293ca7228dc18b0

PODFILE CHECKSUM: 008d1acafc6978f0388131afbeee5f29f85ae06e

COCOAPODS: 1.3.1
